
Microsoft Visual Studio Solution File, Format Version 12.00
# Visual Studio 2017
Project("{FAE04EC0-301F-11D3-BF4B-00C04F79EFBC}") = "Tetrix", "Tetrix.csproj", "{871AF578-BD6A-8AC9-4E06-6007985A5BD8}"
EndProject
Global
	GlobalSection(SolutionConfigurationPlatforms) = preSolution
		Debug|Any CPU = Debug|Any CPU
		Release|Any CPU = Release|Any CPU
	EndGlobalSection
	GlobalSection(ProjectConfigurationPlatforms) = postSolution
		{871AF578-BD6A-8AC9-4E06-6007985A5BD8}.Debug|Any CPU.ActiveCfg = Debug|Any CPU
		{871AF578-BD6A-8AC9-4E06-6007985A5BD8}.Debug|Any CPU.Build.0 = Debug|Any CPU
		{871AF578-BD6A-8AC9-4E06-6007985A5BD8}.Release|Any CPU.ActiveCfg = Release|Any CPU
		{871AF578-BD6A-8AC9-4E06-6007985A5BD8}.Release|Any CPU.Build.0 = Release|Any CPU
	EndGlobalSection
	GlobalSection(SolutionProperties) = preSolution
		HideSolutionNode = FALSE
	EndGlobalSection
EndGlobal
